
Microsoft Visual Studio Solution File, Format Version 12.00
# Visual Studio Version 17
VisualStudioVersion = 17.3.32804.467
MinimumVisualStudioVersion = 10.0.40219.1
Project("{FAE04EC0-301F-11D3-BF4B-00C04F79EFBC}") = "itt", "src\itt.csproj", "{A3E1FBA9-6B04-4353-967B-6954D294EB25}"
EndProject
Global
	GlobalSection(SolutionConfigurationPlatforms) = preSolution
		Debug|Any CPU = Debug|Any CPU
		Release|Any CPU = Release|Any CPU
	EndGlobalSection
	GlobalSection(ProjectConfigurationPlatforms) = postSolution
		{A3E1FBA9-6B04-4353-967B-6954D294EB25}.Debug|Any CPU.ActiveCfg = Debug|Any CPU
		{A3E1FBA9-6B04-4353-967B-6954D294EB25}.Debug|Any CPU.Build.0 = Debug|Any CPU
		{A3E1FBA9-6B04-4353-967B-6954D294EB25}.Release|Any CPU.ActiveCfg = Release|Any CPU
		{A3E1FBA9-6B04-4353-967B-6954D294EB25}.Release|Any CPU.Build.0 = Release|Any CPU
	EndGlobalSection
	GlobalSection(SolutionProperties) = preSolution
		HideSolutionNode = FALSE
	EndGlobalSection
	GlobalSection(ExtensibilityGlobals) = postSolution
		SolutionGuid = {573B0974-0580-4C25-BDC3-26C8E2351CB4}
	EndGlobalSection
EndGlobal
