
Microsoft Visual Studio Solution File, Format Version 12.00
# Visual Studio 15
VisualStudioVersion = 15.0.27428.2037
MinimumVisualStudioVersion = 10.0.40219.1
Project("{FAE04EC0-301F-11D3-BF4B-00C04F79EFBC}") = "NUcmSerializer", "NUcmSerializer.csproj", "{3149996B-8671-4E26-8A24-710BD4DC7EBB}"
EndProject
Global
	GlobalSection(SolutionConfigurationPlatforms) = preSolution
		Debug|Any CPU = Debug|Any CPU
		Release|Any CPU = Release|Any CPU
	EndGlobalSection
	GlobalSection(ProjectConfigurationPlatforms) = postSolution
		{3149996B-8671-4E26-8A24-710BD4DC7EBB}.Debug|Any CPU.ActiveCfg = Debug|Any CPU
		{3149996B-8671-4E26-8A24-710BD4DC7EBB}.Debug|Any CPU.Build.0 = Debug|Any CPU
		{3149996B-8671-4E26-8A24-710BD4DC7EBB}.Release|Any CPU.ActiveCfg = Release|Any CPU
		{3149996B-8671-4E26-8A24-710BD4DC7EBB}.Release|Any CPU.Build.0 = Release|Any CPU
	EndGlobalSection
	GlobalSection(SolutionProperties) = preSolution
		HideSolutionNode = FALSE
	EndGlobalSection
	GlobalSection(ExtensibilityGlobals) = postSolution
		SolutionGuid = {A22F29D5-DA47-4171-A961-390BD904A174}
	EndGlobalSection
EndGlobal
