
Microsoft Visual Studio Solution File, Format Version 12.00
# Visual Studio 15
VisualStudioVersion = 15.0.28307.168
MinimumVisualStudioVersion = 10.0.40219.1
Project("{FAE04EC0-301F-11D3-BF4B-00C04F79EFBC}") = "avstplg", "src\avstplg.csproj", "{62F5D5E2-5B67-4FA8-AFAE-933D1445F945}"
EndProject
Global
	GlobalSection(SolutionConfigurationPlatforms) = preSolution
		Debug|Any CPU = Debug|Any CPU
		Release|Any CPU = Release|Any CPU
	EndGlobalSection
	GlobalSection(ProjectConfigurationPlatforms) = postSolution
		{62F5D5E2-5B67-4FA8-AFAE-933D1445F945}.Debug|Any CPU.ActiveCfg = Debug|Any CPU
		{62F5D5E2-5B67-4FA8-AFAE-933D1445F945}.Debug|Any CPU.Build.0 = Debug|Any CPU
		{62F5D5E2-5B67-4FA8-AFAE-933D1445F945}.Release|Any CPU.ActiveCfg = Release|Any CPU
		{62F5D5E2-5B67-4FA8-AFAE-933D1445F945}.Release|Any CPU.Build.0 = Release|Any CPU
	EndGlobalSection
	GlobalSection(SolutionProperties) = preSolution
		HideSolutionNode = FALSE
	EndGlobalSection
	GlobalSection(ExtensibilityGlobals) = postSolution
		SolutionGuid = {F6C8FEFA-104E-49C8-99A6-205BB21F637F}
	EndGlobalSection
EndGlobal
